PODS:
  - BEMCheckBox (1.4.1)
  - boost (1.76.0)
  - CocoaAsyncSocket (7.6.5)
  - DoubleConversion (1.1.6)
  - DriveKitBeaconUtils (1.35.0):
    - DriveKitCore (= 1.35.0)
  - DriveKitCore (1.35.0):
    - DriveKitNetworking (= 1.35.0)
  - DriveKitDBTripAccess (1.35.0):
    - DriveKitCore (= 1.35.0)
  - DriveKitDBVehicleAccess (1.35.0):
    - DriveKitBeaconUtils (= 1.35.0)
    - DriveKitCore (= 1.35.0)
  - DriveKitDriverData (1.35.0):
    - DriveKitDBTripAccess (= 1.35.0)
  - DriveKitNetworking (1.35.0)
  - DriveKitTripAnalysis (1.35.0):
    - DriveKitBeaconUtils (= 1.35.0)
    - DriveKitCore (= 1.35.0)
    - DriveKitDBTripAccess (= 1.35.0)
    - DriveKitDBVehicleAccess (= 1.35.0)
  - DriveKitTripSimulator (1.35.0):
    - DriveKitTripAnalysis (= 1.35.0)
  - FBLazyVector (0.71.13)
  - FBReactNativeSpec (0.71.13):
    - RCT-Folly (= 2021.07.22.00)
    - RCTRequired (= 0.71.13)
    - RCTTypeSafety (= 0.71.13)
    - React-Core (= 0.71.13)
    - React-jsi (= 0.71.13)
    - ReactCommon/turbomodule/core (= 0.71.13)
  - Flipper (0.125.0):
    - Flipper-Folly (~> 2.6)
    - Flipper-RSocket (~> 1.4)
  - Flipper-Boost-iOSX (1.76.0.1.11)
  - Flipper-DoubleConversion (3.2.0.1)
  - Flipper-Fmt (7.1.7)
  - Flipper-Folly (2.6.10):
    - Flipper-Boost-iOSX
    - Flipper-DoubleConversion
    - Flipper-Fmt (= 7.1.7)
    - Flipper-Glog
    - libevent (~> 2.1.12)
    - OpenSSL-Universal (= 1.1.1100)
  - Flipper-Glog (0.5.0.5)
  - Flipper-PeerTalk (0.0.4)
  - Flipper-RSocket (1.4.3):
    - Flipper-Folly (~> 2.6)
  - FlipperKit (0.125.0):
    - FlipperKit/Core (= 0.125.0)
  - FlipperKit/Core (0.125.0):
    - Flipper (~> 0.125.0)
    - FlipperKit/CppBridge
    - FlipperKit/FBCxxFollyDynamicConvert
    - FlipperKit/FBDefines
    - FlipperKit/FKPortForwarding
    - SocketRocket (~> 0.6.0)
  - FlipperKit/CppBridge (0.125.0):
    - Flipper (~> 0.125.0)
  - FlipperKit/FBCxxFollyDynamicConvert (0.125.0):
    - Flipper-Folly (~> 2.6)
  - FlipperKit/FBDefines (0.125.0)
  - FlipperKit/FKPortForwarding (0.125.0):
    - CocoaAsyncSocket (~> 7.6)
    - Flipper-PeerTalk (~> 0.0.4)
  - FlipperKit/FlipperKitHighlightOverlay (0.125.0)
  - FlipperKit/FlipperKitLayoutHelpers (0.125.0):
    - FlipperKit/Core
    - FlipperKit/FlipperKitHighlightOverlay
    - FlipperKit/FlipperKitLayoutTextSearchable
  - FlipperKit/FlipperKitLayoutIOSDescriptors (0.125.0):
    - FlipperKit/Core
    - FlipperKit/FlipperKitHighlightOverlay
    - FlipperKit/FlipperKitLayoutHelpers
    - YogaKit (~> 1.18)
  - FlipperKit/FlipperKitLayoutPlugin (0.125.0):
    - FlipperKit/Core
    - FlipperKit/FlipperKitHighlightOverlay
    - FlipperKit/FlipperKitLayoutHelpers
    - FlipperKit/FlipperKitLayoutIOSDescriptors
    - FlipperKit/FlipperKitLayoutTextSearchable
    - YogaKit (~> 1.18)
  - FlipperKit/FlipperKitLayoutTextSearchable (0.125.0)
  - FlipperKit/FlipperKitNetworkPlugin (0.125.0):
    - FlipperKit/Core
  - FlipperKit/FlipperKitReactPlugin (0.125.0):
    - FlipperKit/Core
  - FlipperKit/FlipperKitUserDefaultsPlugin (0.125.0):
    - FlipperKit/Core
  - FlipperKit/SKIOSNetworkPlugin (0.125.0):
    - FlipperKit/Core
    - FlipperKit/FlipperKitNetworkPlugin
  - fmt (6.2.1)
  - glog (0.3.5)
  - hermes-engine (0.71.13):
    - hermes-engine/Pre-built (= 0.71.13)
  - hermes-engine/Pre-built (0.71.13)
  - libevent (2.1.12)
  - OpenSSL-Universal (1.1.1100)
  - Permission-BluetoothPeripheral (3.6.1):
    - RNPermissions
  - Permission-LocationAlways (3.6.1):
    - RNPermissions
  - Permission-LocationWhenInUse (3.6.1):
    - RNPermissions
  - Permission-Motion (3.6.1):
    - RNPermissions
  - RCT-Folly (2021.07.22.00):
    - boost
    - DoubleConversion
    - fmt (~> 6.2.1)
    - glog
    - RCT-Folly/Default (= 2021.07.22.00)
  - RCT-Folly/Default (2021.07.22.00):
    - boost
    - DoubleConversion
    - fmt (~> 6.2.1)
    - glog
  - RCT-Folly/Futures (2021.07.22.00):
    - boost
    - DoubleConversion
    - fmt (~> 6.2.1)
    - glog
    - libevent
  - RCTRequired (0.71.13)
  - RCTTypeSafety (0.71.13):
    - FBLazyVector (= 0.71.13)
    - RCTRequired (= 0.71.13)
    - React-Core (= 0.71.13)
  - React (0.71.13):
    - React-Core (= 0.71.13)
    - React-Core/DevSupport (= 0.71.13)
    - React-Core/RCTWebSocket (= 0.71.13)
    - React-RCTActionSheet (= 0.71.13)
    - React-RCTAnimation (= 0.71.13)
    - React-RCTBlob (= 0.71.13)
    - React-RCTImage (= 0.71.13)
    - React-RCTLinking (= 0.71.13)
    - React-RCTNetwork (= 0.71.13)
    - React-RCTSettings (= 0.71.13)
    - React-RCTText (= 0.71.13)
    - React-RCTVibration (= 0.71.13)
  - React-callinvoker (0.71.13)
  - React-Codegen (0.71.13):
    - FBReactNativeSpec
    - hermes-engine
    - RCT-Folly
    - RCTRequired
    - RCTTypeSafety
    - React-Core
    - React-jsi
    - React-jsiexecutor
    - ReactCommon/turbomodule/bridging
    - ReactCommon/turbomodule/core
  - React-Core (0.71.13):
    - glog
    - hermes-engine
    - RCT-Folly (= 2021.07.22.00)
    - React-Core/Default (= 0.71.13)
    - React-cxxreact (= 0.71.13)
    - React-hermes
    - React-jsi (= 0.71.13)
    - React-jsiexecutor (= 0.71.13)
    - React-perflogger (= 0.71.13)
    - Yoga
  - React-Core/CoreModulesHeaders (0.71.13):
    - glog
    - hermes-engine
    - RCT-Folly (= 2021.07.22.00)
    - React-Core/Default
    - React-cxxreact (= 0.71.13)
    - React-hermes
    - React-jsi (= 0.71.13)
    - React-jsiexecutor (= 0.71.13)
    - React-perflogger (= 0.71.13)
    - Yoga
  - React-Core/Default (0.71.13):
    - glog
    - hermes-engine
    - RCT-Folly (= 2021.07.22.00)
    - React-cxxreact (= 0.71.13)
    - React-hermes
    - React-jsi (= 0.71.13)
    - React-jsiexecutor (= 0.71.13)
    - React-perflogger (= 0.71.13)
    - Yoga
  - React-Core/DevSupport (0.71.13):
    - glog
    - hermes-engine
    - RCT-Folly (= 2021.07.22.00)
    - React-Core/Default (= 0.71.13)
    - React-Core/RCTWebSocket (= 0.71.13)
    - React-cxxreact (= 0.71.13)
    - React-hermes
    - React-jsi (= 0.71.13)
    - React-jsiexecutor (= 0.71.13)
    - React-jsinspector (= 0.71.13)
    - React-perflogger (= 0.71.13)
    - Yoga
  - React-Core/RCTActionSheetHeaders (0.71.13):
    - glog
    - hermes-engine
    - RCT-Folly (= 2021.07.22.00)
    - React-Core/Default
    - React-cxxreact (= 0.71.13)
    - React-hermes
    - React-jsi (= 0.71.13)
    - React-jsiexecutor (= 0.71.13)
    - React-perflogger (= 0.71.13)
    - Yoga
  - React-Core/RCTAnimationHeaders (0.71.13):
    - glog
    - hermes-engine
    - RCT-Folly (= 2021.07.22.00)
    - React-Core/Default
    - React-cxxreact (= 0.71.13)
    - React-hermes
    - React-jsi (= 0.71.13)
    - React-jsiexecutor (= 0.71.13)
    - React-perflogger (= 0.71.13)
    - Yoga
  - React-Core/RCTBlobHeaders (0.71.13):
    - glog
    - hermes-engine
    - RCT-Folly (= 2021.07.22.00)
    - React-Core/Default
    - React-cxxreact (= 0.71.13)
    - React-hermes
    - React-jsi (= 0.71.13)
    - React-jsiexecutor (= 0.71.13)
    - React-perflogger (= 0.71.13)
    - Yoga
  - React-Core/RCTImageHeaders (0.71.13):
    - glog
    - hermes-engine
    - RCT-Folly (= 2021.07.22.00)
    - React-Core/Default
    - React-cxxreact (= 0.71.13)
    - React-hermes
    - React-jsi (= 0.71.13)
    - React-jsiexecutor (= 0.71.13)
    - React-perflogger (= 0.71.13)
    - Yoga
  - React-Core/RCTLinkingHeaders (0.71.13):
    - glog
    - hermes-engine
    - RCT-Folly (= 2021.07.22.00)
    - React-Core/Default
    - React-cxxreact (= 0.71.13)
    - React-hermes
    - React-jsi (= 0.71.13)
    - React-jsiexecutor (= 0.71.13)
    - React-perflogger (= 0.71.13)
    - Yoga
  - React-Core/RCTNetworkHeaders (0.71.13):
    - glog
    - hermes-engine
    - RCT-Folly (= 2021.07.22.00)
    - React-Core/Default
    - React-cxxreact (= 0.71.13)
    - React-hermes
    - React-jsi (= 0.71.13)
    - React-jsiexecutor (= 0.71.13)
    - React-perflogger (= 0.71.13)
    - Yoga
  - React-Core/RCTSettingsHeaders (0.71.13):
    - glog
    - hermes-engine
    - RCT-Folly (= 2021.07.22.00)
    - React-Core/Default
    - React-cxxreact (= 0.71.13)
    - React-hermes
    - React-jsi (= 0.71.13)
    - React-jsiexecutor (= 0.71.13)
    - React-perflogger (= 0.71.13)
    - Yoga
  - React-Core/RCTTextHeaders (0.71.13):
    - glog
    - hermes-engine
    - RCT-Folly (= 2021.07.22.00)
    - React-Core/Default
    - React-cxxreact (= 0.71.13)
    - React-hermes
    - React-jsi (= 0.71.13)
    - React-jsiexecutor (= 0.71.13)
    - React-perflogger (= 0.71.13)
    - Yoga
  - React-Core/RCTVibrationHeaders (0.71.13):
    - glog
    - hermes-engine
    - RCT-Folly (= 2021.07.22.00)
    - React-Core/Default
    - React-cxxreact (= 0.71.13)
    - React-hermes
    - React-jsi (= 0.71.13)
    - React-jsiexecutor (= 0.71.13)
    - React-perflogger (= 0.71.13)
    - Yoga
  - React-Core/RCTWebSocket (0.71.13):
    - glog
    - hermes-engine
    - RCT-Folly (= 2021.07.22.00)
    - React-Core/Default (= 0.71.13)
    - React-cxxreact (= 0.71.13)
    - React-hermes
    - React-jsi (= 0.71.13)
    - React-jsiexecutor (= 0.71.13)
    - React-perflogger (= 0.71.13)
    - Yoga
  - React-CoreModules (0.71.13):
    - RCT-Folly (= 2021.07.22.00)
    - RCTTypeSafety (= 0.71.13)
    - React-Codegen (= 0.71.13)
    - React-Core/CoreModulesHeaders (= 0.71.13)
    - React-jsi (= 0.71.13)
    - React-RCTBlob
    - React-RCTImage (= 0.71.13)
    - ReactCommon/turbomodule/core (= 0.71.13)
  - React-cxxreact (0.71.13):
    - boost (= 1.76.0)
    - DoubleConversion
    - glog
    - hermes-engine
    - RCT-Folly (= 2021.07.22.00)
    - React-callinvoker (= 0.71.13)
    - React-jsi (= 0.71.13)
    - React-jsinspector (= 0.71.13)
    - React-logger (= 0.71.13)
    - React-perflogger (= 0.71.13)
    - React-runtimeexecutor (= 0.71.13)
  - React-hermes (0.71.13):
    - DoubleConversion
    - glog
    - hermes-engine
    - RCT-Folly (= 2021.07.22.00)
    - RCT-Folly/Futures (= 2021.07.22.00)
    - React-cxxreact (= 0.71.13)
    - React-jsi
    - React-jsiexecutor (= 0.71.13)
    - React-jsinspector (= 0.71.13)
    - React-perflogger (= 0.71.13)
  - React-jsi (0.71.13):
    - boost (= 1.76.0)
    - DoubleConversion
    - glog
    - hermes-engine
    - RCT-Folly (= 2021.07.22.00)
  - React-jsiexecutor (0.71.13):
    - DoubleConversion
    - glog
    - hermes-engine
    - RCT-Folly (= 2021.07.22.00)
    - React-cxxreact (= 0.71.13)
    - React-jsi (= 0.71.13)
    - React-perflogger (= 0.71.13)
  - React-jsinspector (0.71.13)
  - React-logger (0.71.13):
    - glog
  - react-native-drivekit-core (1.5.3):
    - DriveKitCore (= 1.35.0)
    - React-Core
  - react-native-drivekit-driver-data (1.5.3):
    - DriveKitDriverData (= 1.35.0)
    - React-Core
  - react-native-drivekit-trip-analysis (1.5.3):
    - DriveKitTripAnalysis (= 1.35.0)
    - React-Core
  - react-native-drivekit-trip-simulator (1.5.3):
    - DriveKitTripSimulator (= 1.35.0)
    - React-Core
  - React-perflogger (0.71.13)
  - React-RCTActionSheet (0.71.13):
    - React-Core/RCTActionSheetHeaders (= 0.71.13)
  - React-RCTAnimation (0.71.13):
    - RCT-Folly (= 2021.07.22.00)
    - RCTTypeSafety (= 0.71.13)
    - React-Codegen (= 0.71.13)
    - React-Core/RCTAnimationHeaders (= 0.71.13)
    - React-jsi (= 0.71.13)
    - ReactCommon/turbomodule/core (= 0.71.13)
  - React-RCTAppDelegate (0.71.13):
    - RCT-Folly
    - RCTRequired
    - RCTTypeSafety
    - React-Core
    - ReactCommon/turbomodule/core
  - React-RCTBlob (0.71.13):
    - hermes-engine
    - RCT-Folly (= 2021.07.22.00)
    - React-Codegen (= 0.71.13)
    - React-Core/RCTBlobHeaders (= 0.71.13)
    - React-Core/RCTWebSocket (= 0.71.13)
    - React-jsi (= 0.71.13)
    - React-RCTNetwork (= 0.71.13)
    - ReactCommon/turbomodule/core (= 0.71.13)
  - React-RCTImage (0.71.13):
    - RCT-Folly (= 2021.07.22.00)
    - RCTTypeSafety (= 0.71.13)
    - React-Codegen (= 0.71.13)
    - React-Core/RCTImageHeaders (= 0.71.13)
    - React-jsi (= 0.71.13)
    - React-RCTNetwork (= 0.71.13)
    - ReactCommon/turbomodule/core (= 0.71.13)
  - React-RCTLinking (0.71.13):
    - React-Codegen (= 0.71.13)
    - React-Core/RCTLinkingHeaders (= 0.71.13)
    - React-jsi (= 0.71.13)
    - ReactCommon/turbomodule/core (= 0.71.13)
  - React-RCTNetwork (0.71.13):
    - RCT-Folly (= 2021.07.22.00)
    - RCTTypeSafety (= 0.71.13)
    - React-Codegen (= 0.71.13)
    - React-Core/RCTNetworkHeaders (= 0.71.13)
    - React-jsi (= 0.71.13)
    - ReactCommon/turbomodule/core (= 0.71.13)
  - React-RCTSettings (0.71.13):
    - RCT-Folly (= 2021.07.22.00)
    - RCTTypeSafety (= 0.71.13)
    - React-Codegen (= 0.71.13)
    - React-Core/RCTSettingsHeaders (= 0.71.13)
    - React-jsi (= 0.71.13)
    - ReactCommon/turbomodule/core (= 0.71.13)
  - React-RCTText (0.71.13):
    - React-Core/RCTTextHeaders (= 0.71.13)
  - React-RCTVibration (0.71.13):
    - RCT-Folly (= 2021.07.22.00)
    - React-Codegen (= 0.71.13)
    - React-Core/RCTVibrationHeaders (= 0.71.13)
    - React-jsi (= 0.71.13)
    - ReactCommon/turbomodule/core (= 0.71.13)
  - React-runtimeexecutor (0.71.13):
    - React-jsi (= 0.71.13)
  - ReactCommon/turbomodule/bridging (0.71.13):
    - DoubleConversion
    - glog
    - hermes-engine
    - RCT-Folly (= 2021.07.22.00)
    - React-callinvoker (= 0.71.13)
    - React-Core (= 0.71.13)
    - React-cxxreact (= 0.71.13)
    - React-jsi (= 0.71.13)
    - React-logger (= 0.71.13)
    - React-perflogger (= 0.71.13)
  - ReactCommon/turbomodule/core (0.71.13):
    - DoubleConversion
    - glog
    - hermes-engine
    - RCT-Folly (= 2021.07.22.00)
    - React-callinvoker (= 0.71.13)
    - React-Core (= 0.71.13)
    - React-cxxreact (= 0.71.13)
    - React-jsi (= 0.71.13)
    - React-logger (= 0.71.13)
    - React-perflogger (= 0.71.13)
  - RNCCheckbox (0.5.16):
    - BEMCheckBox (~> 1.4)
    - React-Core
  - RNNotifee (7.1.0):
    - React-Core
    - RNNotifee/NotifeeCore (= 7.1.0)
  - RNNotifee/NotifeeCore (7.1.0):
    - React-Core
  - RNPermissions (3.6.1):
    - React-Core
  - SocketRocket (0.6.1)
  - Yoga (1.14.0)
  - YogaKit (1.18.1):
    - Yoga (~> 1.14)

DEPENDENCIES:
  - boost (from `../../../node_modules/react-native/third-party-podspecs/boost.podspec`)
  - DoubleConversion (from `../../../node_modules/react-native/third-party-podspecs/DoubleConversion.podspec`)
  - FBLazyVector (from `../../../node_modules/react-native/Libraries/FBLazyVector`)
  - FBReactNativeSpec (from `../../../node_modules/react-native/React/FBReactNativeSpec`)
  - Flipper (= 0.125.0)
  - Flipper-Boost-iOSX (= 1.76.0.1.11)
  - Flipper-DoubleConversion (= 3.2.0.1)
  - Flipper-Fmt (= 7.1.7)
  - Flipper-Folly (= 2.6.10)
  - Flipper-Glog (= 0.5.0.5)
  - Flipper-PeerTalk (= 0.0.4)
  - Flipper-RSocket (= 1.4.3)
  - FlipperKit (= 0.125.0)
  - FlipperKit/Core (= 0.125.0)
  - FlipperKit/CppBridge (= 0.125.0)
  - FlipperKit/FBCxxFollyDynamicConvert (= 0.125.0)
  - FlipperKit/FBDefines (= 0.125.0)
  - FlipperKit/FKPortForwarding (= 0.125.0)
  - FlipperKit/FlipperKitHighlightOverlay (= 0.125.0)
  - FlipperKit/FlipperKitLayoutPlugin (= 0.125.0)
  - FlipperKit/FlipperKitLayoutTextSearchable (= 0.125.0)
  - FlipperKit/FlipperKitNetworkPlugin (= 0.125.0)
  - FlipperKit/FlipperKitReactPlugin (= 0.125.0)
  - FlipperKit/FlipperKitUserDefaultsPlugin (= 0.125.0)
  - FlipperKit/SKIOSNetworkPlugin (= 0.125.0)
  - glog (from `../../../node_modules/react-native/third-party-podspecs/glog.podspec`)
  - hermes-engine (from `../../../node_modules/react-native/sdks/hermes-engine/hermes-engine.podspec`)
  - libevent (~> 2.1.12)
  - OpenSSL-Universal (= 1.1.1100)
  - Permission-BluetoothPeripheral (from `../../../node_modules/react-native-permissions/ios/BluetoothPeripheral`)
  - Permission-LocationAlways (from `../../../node_modules/react-native-permissions/ios/LocationAlways`)
  - Permission-LocationWhenInUse (from `../../../node_modules/react-native-permissions/ios/LocationWhenInUse`)
  - Permission-Motion (from `../../../node_modules/react-native-permissions/ios/Motion`)
  - RCT-Folly (from `../../../node_modules/react-native/third-party-podspecs/RCT-Folly.podspec`)
  - RCTRequired (from `../../../node_modules/react-native/Libraries/RCTRequired`)
  - RCTTypeSafety (from `../../../node_modules/react-native/Libraries/TypeSafety`)
  - React (from `../../../node_modules/react-native/`)
  - React-callinvoker (from `../../../node_modules/react-native/ReactCommon/callinvoker`)
  - React-Codegen (from `build/generated/ios`)
  - React-Core (from `../../../node_modules/react-native/`)
  - React-Core/DevSupport (from `../../../node_modules/react-native/`)
  - React-Core/RCTWebSocket (from `../../../node_modules/react-native/`)
  - React-CoreModules (from `../../../node_modules/react-native/React/CoreModules`)
  - React-cxxreact (from `../../../node_modules/react-native/ReactCommon/cxxreact`)
  - React-hermes (from `../../../node_modules/react-native/ReactCommon/hermes`)
  - React-jsi (from `../../../node_modules/react-native/ReactCommon/jsi`)
  - React-jsiexecutor (from `../../../node_modules/react-native/ReactCommon/jsiexecutor`)
  - React-jsinspector (from `../../../node_modules/react-native/ReactCommon/jsinspector`)
  - React-logger (from `../../../node_modules/react-native/ReactCommon/logger`)
  - react-native-drivekit-core (from `../../core`)
  - react-native-drivekit-driver-data (from `../../driver-data`)
  - react-native-drivekit-trip-analysis (from `../../trip-analysis`)
  - react-native-drivekit-trip-simulator (from `../../trip-simulator`)
  - React-perflogger (from `../../../node_modules/react-native/ReactCommon/reactperflogger`)
  - React-RCTActionSheet (from `../../../node_modules/react-native/Libraries/ActionSheetIOS`)
  - React-RCTAnimation (from `../../../node_modules/react-native/Libraries/NativeAnimation`)
  - React-RCTAppDelegate (from `../../../node_modules/react-native/Libraries/AppDelegate`)
  - React-RCTBlob (from `../../../node_modules/react-native/Libraries/Blob`)
  - React-RCTImage (from `../../../node_modules/react-native/Libraries/Image`)
  - React-RCTLinking (from `../../../node_modules/react-native/Libraries/LinkingIOS`)
  - React-RCTNetwork (from `../../../node_modules/react-native/Libraries/Network`)
  - React-RCTSettings (from `../../../node_modules/react-native/Libraries/Settings`)
  - React-RCTText (from `../../../node_modules/react-native/Libraries/Text`)
  - React-RCTVibration (from `../../../node_modules/react-native/Libraries/Vibration`)
  - React-runtimeexecutor (from `../../../node_modules/react-native/ReactCommon/runtimeexecutor`)
  - ReactCommon/turbomodule/core (from `../../../node_modules/react-native/ReactCommon`)
  - "RNCCheckbox (from `../../../node_modules/@react-native-community/checkbox`)"
  - "RNNotifee (from `../../../node_modules/@notifee/react-native`)"
  - RNPermissions (from `../../../node_modules/react-native-permissions`)
  - Yoga (from `../../../node_modules/react-native/ReactCommon/yoga`)

SPEC REPOS:
  trunk:
    - BEMCheckBox
    - CocoaAsyncSocket
    - DriveKitBeaconUtils
    - DriveKitCore
    - DriveKitDBTripAccess
    - DriveKitDBVehicleAccess
    - DriveKitDriverData
    - DriveKitNetworking
    - DriveKitTripAnalysis
    - DriveKitTripSimulator
    - Flipper
    - Flipper-Boost-iOSX
    - Flipper-DoubleConversion
    - Flipper-Fmt
    - Flipper-Folly
    - Flipper-Glog
    - Flipper-PeerTalk
    - Flipper-RSocket
    - FlipperKit
    - fmt
    - libevent
    - OpenSSL-Universal
    - SocketRocket
    - YogaKit

EXTERNAL SOURCES:
  boost:
    :podspec: "../../../node_modules/react-native/third-party-podspecs/boost.podspec"
  DoubleConversion:
    :podspec: "../../../node_modules/react-native/third-party-podspecs/DoubleConversion.podspec"
  FBLazyVector:
    :path: "../../../node_modules/react-native/Libraries/FBLazyVector"
  FBReactNativeSpec:
    :path: "../../../node_modules/react-native/React/FBReactNativeSpec"
  glog:
    :podspec: "../../../node_modules/react-native/third-party-podspecs/glog.podspec"
  hermes-engine:
    :podspec: "../../../node_modules/react-native/sdks/hermes-engine/hermes-engine.podspec"
  Permission-BluetoothPeripheral:
    :path: "../../../node_modules/react-native-permissions/ios/BluetoothPeripheral"
  Permission-LocationAlways:
    :path: "../../../node_modules/react-native-permissions/ios/LocationAlways"
  Permission-LocationWhenInUse:
    :path: "../../../node_modules/react-native-permissions/ios/LocationWhenInUse"
  Permission-Motion:
    :path: "../../../node_modules/react-native-permissions/ios/Motion"
  RCT-Folly:
    :podspec: "../../../node_modules/react-native/third-party-podspecs/RCT-Folly.podspec"
  RCTRequired:
    :path: "../../../node_modules/react-native/Libraries/RCTRequired"
  RCTTypeSafety:
    :path: "../../../node_modules/react-native/Libraries/TypeSafety"
  React:
    :path: "../../../node_modules/react-native/"
  React-callinvoker:
    :path: "../../../node_modules/react-native/ReactCommon/callinvoker"
  React-Codegen:
    :path: build/generated/ios
  React-Core:
    :path: "../../../node_modules/react-native/"
  React-CoreModules:
    :path: "../../../node_modules/react-native/React/CoreModules"
  React-cxxreact:
    :path: "../../../node_modules/react-native/ReactCommon/cxxreact"
  React-hermes:
    :path: "../../../node_modules/react-native/ReactCommon/hermes"
  React-jsi:
    :path: "../../../node_modules/react-native/ReactCommon/jsi"
  React-jsiexecutor:
    :path: "../../../node_modules/react-native/ReactCommon/jsiexecutor"
  React-jsinspector:
    :path: "../../../node_modules/react-native/ReactCommon/jsinspector"
  React-logger:
    :path: "../../../node_modules/react-native/ReactCommon/logger"
  react-native-drivekit-core:
    :path: "../../core"
  react-native-drivekit-driver-data:
    :path: "../../driver-data"
  react-native-drivekit-trip-analysis:
    :path: "../../trip-analysis"
  react-native-drivekit-trip-simulator:
    :path: "../../trip-simulator"
  React-perflogger:
    :path: "../../../node_modules/react-native/ReactCommon/reactperflogger"
  React-RCTActionSheet:
    :path: "../../../node_modules/react-native/Libraries/ActionSheetIOS"
  React-RCTAnimation:
    :path: "../../../node_modules/react-native/Libraries/NativeAnimation"
  React-RCTAppDelegate:
    :path: "../../../node_modules/react-native/Libraries/AppDelegate"
  React-RCTBlob:
    :path: "../../../node_modules/react-native/Libraries/Blob"
  React-RCTImage:
    :path: "../../../node_modules/react-native/Libraries/Image"
  React-RCTLinking:
    :path: "../../../node_modules/react-native/Libraries/LinkingIOS"
  React-RCTNetwork:
    :path: "../../../node_modules/react-native/Libraries/Network"
  React-RCTSettings:
    :path: "../../../node_modules/react-native/Libraries/Settings"
  React-RCTText:
    :path: "../../../node_modules/react-native/Libraries/Text"
  React-RCTVibration:
    :path: "../../../node_modules/react-native/Libraries/Vibration"
  React-runtimeexecutor:
    :path: "../../../node_modules/react-native/ReactCommon/runtimeexecutor"
  ReactCommon:
    :path: "../../../node_modules/react-native/ReactCommon"
  RNCCheckbox:
    :path: "../../../node_modules/@react-native-community/checkbox"
  RNNotifee:
    :path: "../../../node_modules/@notifee/react-native"
  RNPermissions:
    :path: "../../../node_modules/react-native-permissions"
  Yoga:
    :path: "../../../node_modules/react-native/ReactCommon/yoga"

SPEC CHECKSUMS:
  BEMCheckBox: 5ba6e37ade3d3657b36caecc35c8b75c6c2b1a4e
  boost: 57d2868c099736d80fcd648bf211b4431e51a558
  CocoaAsyncSocket: 065fd1e645c7abab64f7a6a2007a48038fdc6a99
  DoubleConversion: 5189b271737e1565bdce30deb4a08d647e3f5f54
  DriveKitBeaconUtils: f4daf6f274f3a11a1541f726286a1da9dc4022dd
  DriveKitCore: 96cc2ebb477c230d3c6e9de7f48634cce3baf194
  DriveKitDBTripAccess: 3071886f932618f54dccb3828a8cb9f75f4acf65
  DriveKitDBVehicleAccess: cdeca1c87ff2981ae9a35b67e25fb0b0c0775b53
  DriveKitDriverData: d8ea11bad227b784c36c5723cc1fa4be3b24cc0f
  DriveKitNetworking: 2d3c5e8a83e16fef85cde5b84ce400cfc634675b
  DriveKitTripAnalysis: 3dc26ab567614d3f386b7adf583003bf07c5b528
  DriveKitTripSimulator: 631d3edd3c152eadf84aeeac2dbd8e9d03c499a7
  FBLazyVector: 24e08bf294faea0abc0278abb2fcad7f3e446f6f
  FBReactNativeSpec: 6c9d633700d4e8c135d2638feb30a1d7b9cbcda1
  Flipper: 26fc4b7382499f1281eb8cb921e5c3ad6de91fe0
  Flipper-Boost-iOSX: fd1e2b8cbef7e662a122412d7ac5f5bea715403c
  Flipper-DoubleConversion: 2dc99b02f658daf147069aad9dbd29d8feb06d30
  Flipper-Fmt: 60cbdd92fc254826e61d669a5d87ef7015396a9b
  Flipper-Folly: 584845625005ff068a6ebf41f857f468decd26b3
  Flipper-Glog: 70c50ce58ddaf67dc35180db05f191692570f446
  Flipper-PeerTalk: 116d8f857dc6ef55c7a5a75ea3ceaafe878aadc9
  Flipper-RSocket: d9d9ade67cbecf6ac10730304bf5607266dd2541
  FlipperKit: cbdee19bdd4e7f05472a66ce290f1b729ba3cb86
  fmt: ff9d55029c625d3757ed641535fd4a75fedc7ce9
  glog: 04b94705f318337d7ead9e6d17c019bd9b1f6b1b
  hermes-engine: 8b9dc37355d2e12879267382f4256afd356349a1
  libevent: 4049cae6c81cdb3654a443be001fb9bdceff7913
  OpenSSL-Universal: ebc357f1e6bc71fa463ccb2fe676756aff50e88c
  Permission-BluetoothPeripheral: 67708853584bb9208c76d36d0e0ea4eafb97ea5b
  Permission-LocationAlways: 8d99b025c9f73c696e0cdb367e42525f2e9a26f2
  Permission-LocationWhenInUse: 3ba99e45c852763f730eabecec2870c2382b7bd4
  Permission-Motion: d3e5ac6c989b2594a3c5c5ab19ffe9453fa3eb5c
  RCT-Folly: 424b8c9a7a0b9ab2886ffe9c3b041ef628fd4fb1
  RCTRequired: c20235648eeb64a874f55459ceae6b081956318d
  RCTTypeSafety: ca004f1fe0b76f7936f7fe7dfd761a4386cf72f5
  React: b27df2b1da30335cf1bf1909056c4e1c3a3603ae
  React-callinvoker: f2a69510d781d8226d51342a3cbe8a9b13573ea5
  React-Codegen: 90eb4e8352b823234ee25adbe64233b2fc642aee
  React-Core: 0771d135beb41b14e0e2ee9238fda50df6f18b97
  React-CoreModules: 0e081b26ab034992d6a60217fc35a83e8ad9b8ed
  React-cxxreact: 3ec43be907f4d818c5113e436d661836d1ab5aa9
  React-hermes: 870871faa5b35c8163361e22241360de26afe07d
  React-jsi: c06ec745faeea7bb8845a9b906aefa7c049c86cb
  React-jsiexecutor: a2867f1f81301b1f56ad968632b6ebc45c64a530
  React-jsinspector: 7e58fe86c7cc442fd11da0c9d8bef12a8d63f771
  React-logger: a3f6ca0d018749852a2a6f07c154bfc6fcd4195a
  react-native-drivekit-core: 2b5f6c3aeeeab302711d19195a30fbd93ef3857e
  react-native-drivekit-driver-data: 1fdf4f2fcf705dd3e697a4c8efac7ddab777c862
  react-native-drivekit-trip-analysis: 6585306350a672d4bdb09f7ed030f273faf03ca3
  react-native-drivekit-trip-simulator: 2bf40a6a4ebf6aa22267fe9058f8d036a459effa
  React-perflogger: 431a655960a02f01257d631b2a9bfbb02fd21064
  React-RCTActionSheet: 38c8d496d0faa63013d16f709e10a3acf6b5f100
  React-RCTAnimation: 6da4d599f3262ed8021433ddd96de45ac9e731b1
  React-RCTAppDelegate: 66498edcd8ba93f0bd727304be671f9f3ddf0a23
  React-RCTBlob: d8f7bf9f32fbde84565a81f4bdf34398f46d45dd
  React-RCTImage: 4e31e6ebf2b9705831d1855425a043b40eec1f61
  React-RCTLinking: 22ac16d44e2df03e9ca9125273fc58a7c507f529
  React-RCTNetwork: 4bacd206834633c23475485dbc21c18563627af4
  React-RCTSettings: 4e4ace986ae92a7e1696fdac11615576b698f337
  React-RCTText: 37a1341bdf1f80e9909f6b69a7a9ee747cb682d3
  React-RCTVibration: 2271362cdf9ff2dae6a2156f5101e5c30b02694d
  React-runtimeexecutor: 35cec6420c9d4144b0d06f9fdb093cf8f02bd52c
  ReactCommon: fc9d1da17fa902910dcba550a54c16e7e1c70d2c
  RNCCheckbox: 75255b03e604bbcc26411eb31c4cbe3e3865f538
  RNNotifee: 8527a2b9ffc6d0abfd907027e22962a809e39eee
  RNPermissions: dcdb7b99796bbeda6975a6e79ad519c41b251b1c
  SocketRocket: f32cd54efbe0f095c4d7594881e52619cfe80b17
  Yoga: 135109c9b8c5d1a8af3a58d21cd4c7aa7f3bf555
  YogaKit: f782866e155069a2cca2517aafea43200b01fd5a

PODFILE CHECKSUM: 48f201f94cb0604f36b7032acb6650a6db301432

COCOAPODS: 1.11.3
