PODS:
  - BEMCheckBox (1.4.1)
  - boost (1.76.0)
  - CocoaAsyncSocket (7.6.5)
  - DoubleConversion (1.1.6)
  - DriveKitBeaconUtils (2.9.0):
    - DriveKitCore (= 2.9.0)
  - DriveKitCore (2.9.0):
    - DriveKitNetworking (= 2.9.0)
  - DriveKitDBTripAccess (2.9.0):
    - DriveKitCore (= 2.9.0)
  - DriveKitDBVehicleAccess (2.9.0):
    - DriveKitBeaconUtils (= 2.9.0)
    - DriveKitCore (= 2.9.0)
  - DriveKitDriverData (2.9.0):
    - DriveKitDBTripAccess (= 2.9.0)
  - DriveKitNetworking (2.9.0)
  - DriveKitTripAnalysis (2.9.0):
    - DriveKitBeaconUtils (= 2.9.0)
    - DriveKitCore (= 2.9.0)
    - DriveKitDBTripAccess (= 2.9.0)
    - DriveKitDBVehicleAccess (= 2.9.0)
  - DriveKitTripSimulator (2.9.0):
    - DriveKitTripAnalysis (= 2.9.0)
  - FBLazyVector (0.71.18)
  - FBReactNativeSpec (0.71.18):
    - RCT-Folly (= 2021.07.22.00)
    - RCTRequired (= 0.71.18)
    - RCTTypeSafety (= 0.71.18)
    - React-Core (= 0.71.18)
    - React-jsi (= 0.71.18)
    - ReactCommon/turbomodule/core (= 0.71.18)
  - Flipper (0.125.0):
    - Flipper-Folly (~> 2.6)
    - Flipper-RSocket (~> 1.4)
  - Flipper-Boost-iOSX (1.76.0.1.11)
  - Flipper-DoubleConversion (3.2.0.1)
  - Flipper-Fmt (7.1.7)
  - Flipper-Folly (2.6.10):
    - Flipper-Boost-iOSX
    - Flipper-DoubleConversion
    - Flipper-Fmt (= 7.1.7)
    - Flipper-Glog
    - libevent (~> 2.1.12)
    - OpenSSL-Universal (= 1.1.1100)
  - Flipper-Glog (0.5.0.5)
  - Flipper-PeerTalk (0.0.4)
  - Flipper-RSocket (1.4.3):
    - Flipper-Folly (~> 2.6)
  - FlipperKit (0.125.0):
    - FlipperKit/Core (= 0.125.0)
  - FlipperKit/Core (0.125.0):
    - Flipper (~> 0.125.0)
    - FlipperKit/CppBridge
    - FlipperKit/FBCxxFollyDynamicConvert
    - FlipperKit/FBDefines
    - FlipperKit/FKPortForwarding
    - SocketRocket (~> 0.6.0)
  - FlipperKit/CppBridge (0.125.0):
    - Flipper (~> 0.125.0)
  - FlipperKit/FBCxxFollyDynamicConvert (0.125.0):
    - Flipper-Folly (~> 2.6)
  - FlipperKit/FBDefines (0.125.0)
  - FlipperKit/FKPortForwarding (0.125.0):
    - CocoaAsyncSocket (~> 7.6)
    - Flipper-PeerTalk (~> 0.0.4)
  - FlipperKit/FlipperKitHighlightOverlay (0.125.0)
  - FlipperKit/FlipperKitLayoutHelpers (0.125.0):
    - FlipperKit/Core
    - FlipperKit/FlipperKitHighlightOverlay
    - FlipperKit/FlipperKitLayoutTextSearchable
  - FlipperKit/FlipperKitLayoutIOSDescriptors (0.125.0):
    - FlipperKit/Core
    - FlipperKit/FlipperKitHighlightOverlay
    - FlipperKit/FlipperKitLayoutHelpers
    - YogaKit (~> 1.18)
  - FlipperKit/FlipperKitLayoutPlugin (0.125.0):
    - FlipperKit/Core
    - FlipperKit/FlipperKitHighlightOverlay
    - FlipperKit/FlipperKitLayoutHelpers
    - FlipperKit/FlipperKitLayoutIOSDescriptors
    - FlipperKit/FlipperKitLayoutTextSearchable
    - YogaKit (~> 1.18)
  - FlipperKit/FlipperKitLayoutTextSearchable (0.125.0)
  - FlipperKit/FlipperKitNetworkPlugin (0.125.0):
    - FlipperKit/Core
  - FlipperKit/FlipperKitReactPlugin (0.125.0):
    - FlipperKit/Core
  - FlipperKit/FlipperKitUserDefaultsPlugin (0.125.0):
    - FlipperKit/Core
  - FlipperKit/SKIOSNetworkPlugin (0.125.0):
    - FlipperKit/Core
    - FlipperKit/FlipperKitNetworkPlugin
  - fmt (6.2.1)
  - glog (0.3.5)
  - hermes-engine (0.71.18):
    - hermes-engine/Pre-built (= 0.71.18)
  - hermes-engine/Pre-built (0.71.18)
  - libevent (2.1.12)
  - OpenSSL-Universal (1.1.1100)
  - Permission-BluetoothPeripheral (3.6.1):
    - RNPermissions
  - Permission-LocationAlways (3.6.1):
    - RNPermissions
  - Permission-LocationWhenInUse (3.6.1):
    - RNPermissions
  - Permission-Motion (3.6.1):
    - RNPermissions
  - RCT-Folly (2021.07.22.00):
    - boost
    - DoubleConversion
    - fmt (~> 6.2.1)
    - glog
    - RCT-Folly/Default (= 2021.07.22.00)
  - RCT-Folly/Default (2021.07.22.00):
    - boost
    - DoubleConversion
    - fmt (~> 6.2.1)
    - glog
  - RCT-Folly/Futures (2021.07.22.00):
    - boost
    - DoubleConversion
    - fmt (~> 6.2.1)
    - glog
    - libevent
  - RCTRequired (0.71.18)
  - RCTTypeSafety (0.71.18):
    - FBLazyVector (= 0.71.18)
    - RCTRequired (= 0.71.18)
    - React-Core (= 0.71.18)
  - React (0.71.18):
    - React-Core (= 0.71.18)
    - React-Core/DevSupport (= 0.71.18)
    - React-Core/RCTWebSocket (= 0.71.18)
    - React-RCTActionSheet (= 0.71.18)
    - React-RCTAnimation (= 0.71.18)
    - React-RCTBlob (= 0.71.18)
    - React-RCTImage (= 0.71.18)
    - React-RCTLinking (= 0.71.18)
    - React-RCTNetwork (= 0.71.18)
    - React-RCTSettings (= 0.71.18)
    - React-RCTText (= 0.71.18)
    - React-RCTVibration (= 0.71.18)
  - React-callinvoker (0.71.18)
  - React-Codegen (0.71.18):
    - FBReactNativeSpec
    - hermes-engine
    - RCT-Folly
    - RCTRequired
    - RCTTypeSafety
    - React-Core
    - React-jsi
    - React-jsiexecutor
    - ReactCommon/turbomodule/bridging
    - ReactCommon/turbomodule/core
  - React-Core (0.71.18):
    - glog
    - hermes-engine
    - RCT-Folly (= 2021.07.22.00)
    - React-Core/Default (= 0.71.18)
    - React-cxxreact (= 0.71.18)
    - React-hermes
    - React-jsi (= 0.71.18)
    - React-jsiexecutor (= 0.71.18)
    - React-perflogger (= 0.71.18)
    - Yoga
  - React-Core/CoreModulesHeaders (0.71.18):
    - glog
    - hermes-engine
    - RCT-Folly (= 2021.07.22.00)
    - React-Core/Default
    - React-cxxreact (= 0.71.18)
    - React-hermes
    - React-jsi (= 0.71.18)
    - React-jsiexecutor (= 0.71.18)
    - React-perflogger (= 0.71.18)
    - Yoga
  - React-Core/Default (0.71.18):
    - glog
    - hermes-engine
    - RCT-Folly (= 2021.07.22.00)
    - React-cxxreact (= 0.71.18)
    - React-hermes
    - React-jsi (= 0.71.18)
    - React-jsiexecutor (= 0.71.18)
    - React-perflogger (= 0.71.18)
    - Yoga
  - React-Core/DevSupport (0.71.18):
    - glog
    - hermes-engine
    - RCT-Folly (= 2021.07.22.00)
    - React-Core/Default (= 0.71.18)
    - React-Core/RCTWebSocket (= 0.71.18)
    - React-cxxreact (= 0.71.18)
    - React-hermes
    - React-jsi (= 0.71.18)
    - React-jsiexecutor (= 0.71.18)
    - React-jsinspector (= 0.71.18)
    - React-perflogger (= 0.71.18)
    - Yoga
  - React-Core/RCTActionSheetHeaders (0.71.18):
    - glog
    - hermes-engine
    - RCT-Folly (= 2021.07.22.00)
    - React-Core/Default
    - React-cxxreact (= 0.71.18)
    - React-hermes
    - React-jsi (= 0.71.18)
    - React-jsiexecutor (= 0.71.18)
    - React-perflogger (= 0.71.18)
    - Yoga
  - React-Core/RCTAnimationHeaders (0.71.18):
    - glog
    - hermes-engine
    - RCT-Folly (= 2021.07.22.00)
    - React-Core/Default
    - React-cxxreact (= 0.71.18)
    - React-hermes
    - React-jsi (= 0.71.18)
    - React-jsiexecutor (= 0.71.18)
    - React-perflogger (= 0.71.18)
    - Yoga
  - React-Core/RCTBlobHeaders (0.71.18):
    - glog
    - hermes-engine
    - RCT-Folly (= 2021.07.22.00)
    - React-Core/Default
    - React-cxxreact (= 0.71.18)
    - React-hermes
    - React-jsi (= 0.71.18)
    - React-jsiexecutor (= 0.71.18)
    - React-perflogger (= 0.71.18)
    - Yoga
  - React-Core/RCTImageHeaders (0.71.18):
    - glog
    - hermes-engine
    - RCT-Folly (= 2021.07.22.00)
    - React-Core/Default
    - React-cxxreact (= 0.71.18)
    - React-hermes
    - React-jsi (= 0.71.18)
    - React-jsiexecutor (= 0.71.18)
    - React-perflogger (= 0.71.18)
    - Yoga
  - React-Core/RCTLinkingHeaders (0.71.18):
    - glog
    - hermes-engine
    - RCT-Folly (= 2021.07.22.00)
    - React-Core/Default
    - React-cxxreact (= 0.71.18)
    - React-hermes
    - React-jsi (= 0.71.18)
    - React-jsiexecutor (= 0.71.18)
    - React-perflogger (= 0.71.18)
    - Yoga
  - React-Core/RCTNetworkHeaders (0.71.18):
    - glog
    - hermes-engine
    - RCT-Folly (= 2021.07.22.00)
    - React-Core/Default
    - React-cxxreact (= 0.71.18)
    - React-hermes
    - React-jsi (= 0.71.18)
    - React-jsiexecutor (= 0.71.18)
    - React-perflogger (= 0.71.18)
    - Yoga
  - React-Core/RCTSettingsHeaders (0.71.18):
    - glog
    - hermes-engine
    - RCT-Folly (= 2021.07.22.00)
    - React-Core/Default
    - React-cxxreact (= 0.71.18)
    - React-hermes
    - React-jsi (= 0.71.18)
    - React-jsiexecutor (= 0.71.18)
    - React-perflogger (= 0.71.18)
    - Yoga
  - React-Core/RCTTextHeaders (0.71.18):
    - glog
    - hermes-engine
    - RCT-Folly (= 2021.07.22.00)
    - React-Core/Default
    - React-cxxreact (= 0.71.18)
    - React-hermes
    - React-jsi (= 0.71.18)
    - React-jsiexecutor (= 0.71.18)
    - React-perflogger (= 0.71.18)
    - Yoga
  - React-Core/RCTVibrationHeaders (0.71.18):
    - glog
    - hermes-engine
    - RCT-Folly (= 2021.07.22.00)
    - React-Core/Default
    - React-cxxreact (= 0.71.18)
    - React-hermes
    - React-jsi (= 0.71.18)
    - React-jsiexecutor (= 0.71.18)
    - React-perflogger (= 0.71.18)
    - Yoga
  - React-Core/RCTWebSocket (0.71.18):
    - glog
    - hermes-engine
    - RCT-Folly (= 2021.07.22.00)
    - React-Core/Default (= 0.71.18)
    - React-cxxreact (= 0.71.18)
    - React-hermes
    - React-jsi (= 0.71.18)
    - React-jsiexecutor (= 0.71.18)
    - React-perflogger (= 0.71.18)
    - Yoga
  - React-CoreModules (0.71.18):
    - RCT-Folly (= 2021.07.22.00)
    - RCTTypeSafety (= 0.71.18)
    - React-Codegen (= 0.71.18)
    - React-Core/CoreModulesHeaders (= 0.71.18)
    - React-jsi (= 0.71.18)
    - React-RCTBlob
    - React-RCTImage (= 0.71.18)
    - ReactCommon/turbomodule/core (= 0.71.18)
  - React-cxxreact (0.71.18):
    - boost (= 1.76.0)
    - DoubleConversion
    - glog
    - hermes-engine
    - RCT-Folly (= 2021.07.22.00)
    - React-callinvoker (= 0.71.18)
    - React-jsi (= 0.71.18)
    - React-jsinspector (= 0.71.18)
    - React-logger (= 0.71.18)
    - React-perflogger (= 0.71.18)
    - React-runtimeexecutor (= 0.71.18)
  - React-hermes (0.71.18):
    - DoubleConversion
    - glog
    - hermes-engine
    - RCT-Folly (= 2021.07.22.00)
    - RCT-Folly/Futures (= 2021.07.22.00)
    - React-cxxreact (= 0.71.18)
    - React-jsi
    - React-jsiexecutor (= 0.71.18)
    - React-jsinspector (= 0.71.18)
    - React-perflogger (= 0.71.18)
  - React-jsi (0.71.18):
    - boost (= 1.76.0)
    - DoubleConversion
    - glog
    - hermes-engine
    - RCT-Folly (= 2021.07.22.00)
  - React-jsiexecutor (0.71.18):
    - DoubleConversion
    - glog
    - hermes-engine
    - RCT-Folly (= 2021.07.22.00)
    - React-cxxreact (= 0.71.18)
    - React-jsi (= 0.71.18)
    - React-perflogger (= 0.71.18)
  - React-jsinspector (0.71.18)
  - React-logger (0.71.18):
    - glog
  - react-native-drivekit-core (2.4.3):
    - DriveKitCore (= 2.9.0)
    - React-Core
  - react-native-drivekit-driver-data (2.4.3):
    - DriveKitDriverData (= 2.9.0)
    - React-Core
  - react-native-drivekit-trip-analysis (2.4.3):
    - DriveKitTripAnalysis (= 2.9.0)
    - React-Core
  - react-native-drivekit-trip-simulator (2.4.3):
    - DriveKitTripSimulator (= 2.9.0)
    - React-Core
  - React-perflogger (0.71.18)
  - React-RCTActionSheet (0.71.18):
    - React-Core/RCTActionSheetHeaders (= 0.71.18)
  - React-RCTAnimation (0.71.18):
    - RCT-Folly (= 2021.07.22.00)
    - RCTTypeSafety (= 0.71.18)
    - React-Codegen (= 0.71.18)
    - React-Core/RCTAnimationHeaders (= 0.71.18)
    - React-jsi (= 0.71.18)
    - ReactCommon/turbomodule/core (= 0.71.18)
  - React-RCTAppDelegate (0.71.18):
    - RCT-Folly
    - RCTRequired
    - RCTTypeSafety
    - React-Core
    - ReactCommon/turbomodule/core
  - React-RCTBlob (0.71.18):
    - hermes-engine
    - RCT-Folly (= 2021.07.22.00)
    - React-Codegen (= 0.71.18)
    - React-Core/RCTBlobHeaders (= 0.71.18)
    - React-Core/RCTWebSocket (= 0.71.18)
    - React-jsi (= 0.71.18)
    - React-RCTNetwork (= 0.71.18)
    - ReactCommon/turbomodule/core (= 0.71.18)
  - React-RCTImage (0.71.18):
    - RCT-Folly (= 2021.07.22.00)
    - RCTTypeSafety (= 0.71.18)
    - React-Codegen (= 0.71.18)
    - React-Core/RCTImageHeaders (= 0.71.18)
    - React-jsi (= 0.71.18)
    - React-RCTNetwork (= 0.71.18)
    - ReactCommon/turbomodule/core (= 0.71.18)
  - React-RCTLinking (0.71.18):
    - React-Codegen (= 0.71.18)
    - React-Core/RCTLinkingHeaders (= 0.71.18)
    - React-jsi (= 0.71.18)
    - ReactCommon/turbomodule/core (= 0.71.18)
  - React-RCTNetwork (0.71.18):
    - RCT-Folly (= 2021.07.22.00)
    - RCTTypeSafety (= 0.71.18)
    - React-Codegen (= 0.71.18)
    - React-Core/RCTNetworkHeaders (= 0.71.18)
    - React-jsi (= 0.71.18)
    - ReactCommon/turbomodule/core (= 0.71.18)
  - React-RCTSettings (0.71.18):
    - RCT-Folly (= 2021.07.22.00)
    - RCTTypeSafety (= 0.71.18)
    - React-Codegen (= 0.71.18)
    - React-Core/RCTSettingsHeaders (= 0.71.18)
    - React-jsi (= 0.71.18)
    - ReactCommon/turbomodule/core (= 0.71.18)
  - React-RCTText (0.71.18):
    - React-Core/RCTTextHeaders (= 0.71.18)
  - React-RCTVibration (0.71.18):
    - RCT-Folly (= 2021.07.22.00)
    - React-Codegen (= 0.71.18)
    - React-Core/RCTVibrationHeaders (= 0.71.18)
    - React-jsi (= 0.71.18)
    - ReactCommon/turbomodule/core (= 0.71.18)
  - React-runtimeexecutor (0.71.18):
    - React-jsi (= 0.71.18)
  - ReactCommon/turbomodule/bridging (0.71.18):
    - DoubleConversion
    - glog
    - hermes-engine
    - RCT-Folly (= 2021.07.22.00)
    - React-callinvoker (= 0.71.18)
    - React-Core (= 0.71.18)
    - React-cxxreact (= 0.71.18)
    - React-jsi (= 0.71.18)
    - React-logger (= 0.71.18)
    - React-perflogger (= 0.71.18)
  - ReactCommon/turbomodule/core (0.71.18):
    - DoubleConversion
    - glog
    - hermes-engine
    - RCT-Folly (= 2021.07.22.00)
    - React-callinvoker (= 0.71.18)
    - React-Core (= 0.71.18)
    - React-cxxreact (= 0.71.18)
    - React-jsi (= 0.71.18)
    - React-logger (= 0.71.18)
    - React-perflogger (= 0.71.18)
  - RNCCheckbox (0.5.16):
    - BEMCheckBox (~> 1.4)
    - React-Core
  - RNNotifee (7.1.0):
    - React-Core
    - RNNotifee/NotifeeCore (= 7.1.0)
  - RNNotifee/NotifeeCore (7.1.0):
    - React-Core
  - RNPermissions (3.6.1):
    - React-Core
  - SocketRocket (0.6.1)
  - Yoga (1.14.0)
  - YogaKit (1.18.1):
    - Yoga (~> 1.14)

DEPENDENCIES:
  - boost (from `../../../node_modules/react-native/third-party-podspecs/boost.podspec`)
  - DoubleConversion (from `../../../node_modules/react-native/third-party-podspecs/DoubleConversion.podspec`)
  - FBLazyVector (from `../../../node_modules/react-native/Libraries/FBLazyVector`)
  - FBReactNativeSpec (from `../../../node_modules/react-native/React/FBReactNativeSpec`)
  - Flipper (= 0.125.0)
  - Flipper-Boost-iOSX (= 1.76.0.1.11)
  - Flipper-DoubleConversion (= 3.2.0.1)
  - Flipper-Fmt (= 7.1.7)
  - Flipper-Folly (= 2.6.10)
  - Flipper-Glog (= 0.5.0.5)
  - Flipper-PeerTalk (= 0.0.4)
  - Flipper-RSocket (= 1.4.3)
  - FlipperKit (= 0.125.0)
  - FlipperKit/Core (= 0.125.0)
  - FlipperKit/CppBridge (= 0.125.0)
  - FlipperKit/FBCxxFollyDynamicConvert (= 0.125.0)
  - FlipperKit/FBDefines (= 0.125.0)
  - FlipperKit/FKPortForwarding (= 0.125.0)
  - FlipperKit/FlipperKitHighlightOverlay (= 0.125.0)
  - FlipperKit/FlipperKitLayoutPlugin (= 0.125.0)
  - FlipperKit/FlipperKitLayoutTextSearchable (= 0.125.0)
  - FlipperKit/FlipperKitNetworkPlugin (= 0.125.0)
  - FlipperKit/FlipperKitReactPlugin (= 0.125.0)
  - FlipperKit/FlipperKitUserDefaultsPlugin (= 0.125.0)
  - FlipperKit/SKIOSNetworkPlugin (= 0.125.0)
  - glog (from `../../../node_modules/react-native/third-party-podspecs/glog.podspec`)
  - hermes-engine (from `../../../node_modules/react-native/sdks/hermes-engine/hermes-engine.podspec`)
  - libevent (~> 2.1.12)
  - OpenSSL-Universal (= 1.1.1100)
  - Permission-BluetoothPeripheral (from `../../../node_modules/react-native-permissions/ios/BluetoothPeripheral`)
  - Permission-LocationAlways (from `../../../node_modules/react-native-permissions/ios/LocationAlways`)
  - Permission-LocationWhenInUse (from `../../../node_modules/react-native-permissions/ios/LocationWhenInUse`)
  - Permission-Motion (from `../../../node_modules/react-native-permissions/ios/Motion`)
  - RCT-Folly (from `../../../node_modules/react-native/third-party-podspecs/RCT-Folly.podspec`)
  - RCTRequired (from `../../../node_modules/react-native/Libraries/RCTRequired`)
  - RCTTypeSafety (from `../../../node_modules/react-native/Libraries/TypeSafety`)
  - React (from `../../../node_modules/react-native/`)
  - React-callinvoker (from `../../../node_modules/react-native/ReactCommon/callinvoker`)
  - React-Codegen (from `build/generated/ios`)
  - React-Core (from `../../../node_modules/react-native/`)
  - React-Core/DevSupport (from `../../../node_modules/react-native/`)
  - React-Core/RCTWebSocket (from `../../../node_modules/react-native/`)
  - React-CoreModules (from `../../../node_modules/react-native/React/CoreModules`)
  - React-cxxreact (from `../../../node_modules/react-native/ReactCommon/cxxreact`)
  - React-hermes (from `../../../node_modules/react-native/ReactCommon/hermes`)
  - React-jsi (from `../../../node_modules/react-native/ReactCommon/jsi`)
  - React-jsiexecutor (from `../../../node_modules/react-native/ReactCommon/jsiexecutor`)
  - React-jsinspector (from `../../../node_modules/react-native/ReactCommon/jsinspector`)
  - React-logger (from `../../../node_modules/react-native/ReactCommon/logger`)
  - react-native-drivekit-core (from `../../core`)
  - react-native-drivekit-driver-data (from `../../driver-data`)
  - react-native-drivekit-trip-analysis (from `../../trip-analysis`)
  - react-native-drivekit-trip-simulator (from `../../trip-simulator`)
  - React-perflogger (from `../../../node_modules/react-native/ReactCommon/reactperflogger`)
  - React-RCTActionSheet (from `../../../node_modules/react-native/Libraries/ActionSheetIOS`)
  - React-RCTAnimation (from `../../../node_modules/react-native/Libraries/NativeAnimation`)
  - React-RCTAppDelegate (from `../../../node_modules/react-native/Libraries/AppDelegate`)
  - React-RCTBlob (from `../../../node_modules/react-native/Libraries/Blob`)
  - React-RCTImage (from `../../../node_modules/react-native/Libraries/Image`)
  - React-RCTLinking (from `../../../node_modules/react-native/Libraries/LinkingIOS`)
  - React-RCTNetwork (from `../../../node_modules/react-native/Libraries/Network`)
  - React-RCTSettings (from `../../../node_modules/react-native/Libraries/Settings`)
  - React-RCTText (from `../../../node_modules/react-native/Libraries/Text`)
  - React-RCTVibration (from `../../../node_modules/react-native/Libraries/Vibration`)
  - React-runtimeexecutor (from `../../../node_modules/react-native/ReactCommon/runtimeexecutor`)
  - ReactCommon/turbomodule/core (from `../../../node_modules/react-native/ReactCommon`)
  - "RNCCheckbox (from `../../../node_modules/@react-native-community/checkbox`)"
  - "RNNotifee (from `../../../node_modules/@notifee/react-native`)"
  - RNPermissions (from `../../../node_modules/react-native-permissions`)
  - Yoga (from `../../../node_modules/react-native/ReactCommon/yoga`)

SPEC REPOS:
  trunk:
    - BEMCheckBox
    - CocoaAsyncSocket
    - DriveKitBeaconUtils
    - DriveKitCore
    - DriveKitDBTripAccess
    - DriveKitDBVehicleAccess
    - DriveKitDriverData
    - DriveKitNetworking
    - DriveKitTripAnalysis
    - DriveKitTripSimulator
    - Flipper
    - Flipper-Boost-iOSX
    - Flipper-DoubleConversion
    - Flipper-Fmt
    - Flipper-Folly
    - Flipper-Glog
    - Flipper-PeerTalk
    - Flipper-RSocket
    - FlipperKit
    - fmt
    - libevent
    - OpenSSL-Universal
    - SocketRocket
    - YogaKit

EXTERNAL SOURCES:
  boost:
    :podspec: "../../../node_modules/react-native/third-party-podspecs/boost.podspec"
  DoubleConversion:
    :podspec: "../../../node_modules/react-native/third-party-podspecs/DoubleConversion.podspec"
  FBLazyVector:
    :path: "../../../node_modules/react-native/Libraries/FBLazyVector"
  FBReactNativeSpec:
    :path: "../../../node_modules/react-native/React/FBReactNativeSpec"
  glog:
    :podspec: "../../../node_modules/react-native/third-party-podspecs/glog.podspec"
  hermes-engine:
    :podspec: "../../../node_modules/react-native/sdks/hermes-engine/hermes-engine.podspec"
  Permission-BluetoothPeripheral:
    :path: "../../../node_modules/react-native-permissions/ios/BluetoothPeripheral"
  Permission-LocationAlways:
    :path: "../../../node_modules/react-native-permissions/ios/LocationAlways"
  Permission-LocationWhenInUse:
    :path: "../../../node_modules/react-native-permissions/ios/LocationWhenInUse"
  Permission-Motion:
    :path: "../../../node_modules/react-native-permissions/ios/Motion"
  RCT-Folly:
    :podspec: "../../../node_modules/react-native/third-party-podspecs/RCT-Folly.podspec"
  RCTRequired:
    :path: "../../../node_modules/react-native/Libraries/RCTRequired"
  RCTTypeSafety:
    :path: "../../../node_modules/react-native/Libraries/TypeSafety"
  React:
    :path: "../../../node_modules/react-native/"
  React-callinvoker:
    :path: "../../../node_modules/react-native/ReactCommon/callinvoker"
  React-Codegen:
    :path: build/generated/ios
  React-Core:
    :path: "../../../node_modules/react-native/"
  React-CoreModules:
    :path: "../../../node_modules/react-native/React/CoreModules"
  React-cxxreact:
    :path: "../../../node_modules/react-native/ReactCommon/cxxreact"
  React-hermes:
    :path: "../../../node_modules/react-native/ReactCommon/hermes"
  React-jsi:
    :path: "../../../node_modules/react-native/ReactCommon/jsi"
  React-jsiexecutor:
    :path: "../../../node_modules/react-native/ReactCommon/jsiexecutor"
  React-jsinspector:
    :path: "../../../node_modules/react-native/ReactCommon/jsinspector"
  React-logger:
    :path: "../../../node_modules/react-native/ReactCommon/logger"
  react-native-drivekit-core:
    :path: "../../core"
  react-native-drivekit-driver-data:
    :path: "../../driver-data"
  react-native-drivekit-trip-analysis:
    :path: "../../trip-analysis"
  react-native-drivekit-trip-simulator:
    :path: "../../trip-simulator"
  React-perflogger:
    :path: "../../../node_modules/react-native/ReactCommon/reactperflogger"
  React-RCTActionSheet:
    :path: "../../../node_modules/react-native/Libraries/ActionSheetIOS"
  React-RCTAnimation:
    :path: "../../../node_modules/react-native/Libraries/NativeAnimation"
  React-RCTAppDelegate:
    :path: "../../../node_modules/react-native/Libraries/AppDelegate"
  React-RCTBlob:
    :path: "../../../node_modules/react-native/Libraries/Blob"
  React-RCTImage:
    :path: "../../../node_modules/react-native/Libraries/Image"
  React-RCTLinking:
    :path: "../../../node_modules/react-native/Libraries/LinkingIOS"
  React-RCTNetwork:
    :path: "../../../node_modules/react-native/Libraries/Network"
  React-RCTSettings:
    :path: "../../../node_modules/react-native/Libraries/Settings"
  React-RCTText:
    :path: "../../../node_modules/react-native/Libraries/Text"
  React-RCTVibration:
    :path: "../../../node_modules/react-native/Libraries/Vibration"
  React-runtimeexecutor:
    :path: "../../../node_modules/react-native/ReactCommon/runtimeexecutor"
  ReactCommon:
    :path: "../../../node_modules/react-native/ReactCommon"
  RNCCheckbox:
    :path: "../../../node_modules/@react-native-community/checkbox"
  RNNotifee:
    :path: "../../../node_modules/@notifee/react-native"
  RNPermissions:
    :path: "../../../node_modules/react-native-permissions"
  Yoga:
    :path: "../../../node_modules/react-native/ReactCommon/yoga"

SPEC CHECKSUMS:
  BEMCheckBox: 5ba6e37ade3d3657b36caecc35c8b75c6c2b1a4e
  boost: 7dcd2de282d72e344012f7d6564d024930a6a440
  CocoaAsyncSocket: 065fd1e645c7abab64f7a6a2007a48038fdc6a99
  DoubleConversion: 5189b271737e1565bdce30deb4a08d647e3f5f54
  DriveKitBeaconUtils: 735f77bad125c863c8a89dea1112e8c7021b3dea
  DriveKitCore: c262a0613ef8a8b41f7ad537ad7c96a94b2afee3
  DriveKitDBTripAccess: 824ce8317068422969edacf2b173d97752ab5b66
  DriveKitDBVehicleAccess: 62dec48264e3695e71f72ef22cf85efb534a04be
  DriveKitDriverData: 2eefc26e772d541b5d9b458e3aebdd0281625b90
  DriveKitNetworking: a71fea4b149b1f7c005e846e3761c1f37132b1c8
  DriveKitTripAnalysis: 6aa5c8551f70fc17b0c92ab551428b62a4ff39d4
  DriveKitTripSimulator: 6af97e28cf61df939490c7367aa04d86f25c0888
  FBLazyVector: 5f81939bc6d6bcd3e71bba3744753c2a88991395
  FBReactNativeSpec: 7dadaedadbfc109d0b3773aabf45032cc7c5322d
  Flipper: 26fc4b7382499f1281eb8cb921e5c3ad6de91fe0
  Flipper-Boost-iOSX: fd1e2b8cbef7e662a122412d7ac5f5bea715403c
  Flipper-DoubleConversion: 2dc99b02f658daf147069aad9dbd29d8feb06d30
  Flipper-Fmt: 60cbdd92fc254826e61d669a5d87ef7015396a9b
  Flipper-Folly: 584845625005ff068a6ebf41f857f468decd26b3
  Flipper-Glog: 70c50ce58ddaf67dc35180db05f191692570f446
  Flipper-PeerTalk: 116d8f857dc6ef55c7a5a75ea3ceaafe878aadc9
  Flipper-RSocket: d9d9ade67cbecf6ac10730304bf5607266dd2541
  FlipperKit: cbdee19bdd4e7f05472a66ce290f1b729ba3cb86
  fmt: ff9d55029c625d3757ed641535fd4a75fedc7ce9
  glog: 04b94705f318337d7ead9e6d17c019bd9b1f6b1b
  hermes-engine: 251dcc3511fc68678e2ee96dd7d175d9489b781e
  libevent: 4049cae6c81cdb3654a443be001fb9bdceff7913
  OpenSSL-Universal: ebc357f1e6bc71fa463ccb2fe676756aff50e88c
  Permission-BluetoothPeripheral: 632067effc566e9100d19efa57e282dda4e87afb
  Permission-LocationAlways: 49fa186f3b46c173eb6981f40038569d047f83cd
  Permission-LocationWhenInUse: 269715b4efa337c782d9c44e506aa3ae4be77dd7
  Permission-Motion: 78ea2a70cb324850dded706095c0f44afe7def32
  RCT-Folly: 424b8c9a7a0b9ab2886ffe9c3b041ef628fd4fb1
  RCTRequired: 467cd79889cbcfd008d0ff7c697f73765d4578c3
  RCTTypeSafety: 71c8b219dc633684896452fee38a1e442d167dd6
  React: b807b09e4402c12dcbc44176e50533dca10d01f0
  React-callinvoker: f34a25e5656a6689ceaa419e833e7907b8fefef3
  React-Codegen: 53d4766d759b243d1707fcb2edfa7635a6eeb557
  React-Core: 057cb1dffd3f97c434af57ed4ec124e7f55575bd
  React-CoreModules: c9f82186403faf8707d5466f20e7378272e2b2ef
  React-cxxreact: d251fb9ed7bec53ac2c9a582980ed553269a2382
  React-hermes: f7e3ef32ccf7150f29e0d834bd75d24bf9a104b5
  React-jsi: 88cc4f3a4f2ebc2f7dc8394b53777a2322ffa2e1
  React-jsiexecutor: 782255d790723bf2bf8d22798f7f3eced6f5d85f
  React-jsinspector: 7218c92923292e20326a1eed3104fe90393ca449
  React-logger: d4343967f7bff885c453bcfb57074bf8ffaa4b34
  react-native-drivekit-core: 9f7508fce19111923e0f38bbb9fab1ee0c333d8a
  react-native-drivekit-driver-data: 0b762dcd51ffa08e7fef5cafb68ad51ced802370
  react-native-drivekit-trip-analysis: 90c896ae74eb0373de85289f8c8fbe6a7c6bac61
  react-native-drivekit-trip-simulator: fea92153c7aad148d1c2c7273040d78b603dd124
  React-perflogger: c8849042b03392681ebd5d99a0775dbadfad2c74
  React-RCTActionSheet: 6bd3b502da266d69942e9ce4bc13666f90544620
  React-RCTAnimation: 63fbec04ae279b387ac786898bd5a918b8875f48
  React-RCTAppDelegate: 63af69b0897897326db7f98135c2ded518bdcb64
  React-RCTBlob: 5beccfd56449228142c0c770ea172cd7b342246e
  React-RCTImage: 63abc85bc7892202ac06e2f66e4a2aa1c872fadc
  React-RCTLinking: ddaeb10a11319fa73b31d0e9faebb1efd15923d6
  React-RCTNetwork: 4d37a8ece3e592bc38ffe57b434b38af907a2a07
  React-RCTSettings: e211b56f3c9c636844ced4d3f8c76b0e03bc773d
  React-RCTText: 502699e3064c8970ea52ad081d8ab8583d019dcb
  React-RCTVibration: e14a0c49feb892af58079cdce3c0e00845a9752b
  React-runtimeexecutor: 42879042777099d3a2a7985b240f1da24300a773
  ReactCommon: 9984ca5a05941ab49b1e46af867742a4d7837dfd
  RNCCheckbox: 3d6503c301824dbb13a88a4eecaa8000afe2fb72
  RNNotifee: b07875d79cbeb33973a0393516af1fcd28ecef6e
  RNPermissions: 8709597abda86902b17f5b547e76be4bde8a306f
  SocketRocket: f32cd54efbe0f095c4d7594881e52619cfe80b17
  Yoga: e407d2e8cc6cf5170a1dddf459f9fc612f85fcac
  YogaKit: f782866e155069a2cca2517aafea43200b01fd5a

PODFILE CHECKSUM: 48f201f94cb0604f36b7032acb6650a6db301432

COCOAPODS: 1.16.2
